
Microsoft Visual Studio Solution File, Format Version 12.00
# Visual Studio Version 16
VisualStudioVersion = 16.0.31624.102
MinimumVisualStudioVersion = 10.0.40219.1
Project("{FAE04EC0-301F-11D3-BF4B-00C04F79EFBC}") = "HomeWorkOfLesson19", "HomeWorkOfLesson19.csproj", "{00236016-687B-4BCD-81B3-C6FCE5B08C40}"
EndProject
Global
	GlobalSection(SolutionConfigurationPlatforms) = preSolution
		Debug|Any CPU = Debug|Any CPU
		Release|Any CPU = Release|Any CPU
	EndGlobalSection
	GlobalSection(ProjectConfigurationPlatforms) = postSolution
		{00236016-687B-4BCD-81B3-C6FCE5B08C40}.Debug|Any CPU.ActiveCfg = Debug|Any CPU
		{00236016-687B-4BCD-81B3-C6FCE5B08C40}.Debug|Any CPU.Build.0 = Debug|Any CPU
		{00236016-687B-4BCD-81B3-C6FCE5B08C40}.Release|Any CPU.ActiveCfg = Release|Any CPU
		{00236016-687B-4BCD-81B3-C6FCE5B08C40}.Release|Any CPU.Build.0 = Release|Any CPU
	EndGlobalSection
	GlobalSection(SolutionProperties) = preSolution
		HideSolutionNode = FALSE
	EndGlobalSection
	GlobalSection(ExtensibilityGlobals) = postSolution
		SolutionGuid = {84E470C3-C233-4C28-BDD1-5C493384AB99}
	EndGlobalSection
EndGlobal
